
Microsoft Visual Studio Solution File, Format Version 12.00
# Visual Studio Version 17
VisualStudioVersion = 17.5.33627.172
MinimumVisualStudioVersion = 10.0.40219.1
Project("{2150E333-8FDC-42A3-9474-1A3956D46DE8}") = "src", "src", "{4C6FE1EB-0F95-4F14-9A62-B1507F1D8D69}"
EndProject
Project("{2150E333-8FDC-42A3-9474-1A3956D46DE8}") = "test", "test", "{7A94B73D-4728-4F02-BBAE-D4BA74DD814B}"
EndProject
Project("{2150E333-8FDC-42A3-9474-1A3956D46DE8}") = "API", "API", "{C44001BA-B8D1-4DB9-BD0E-B3CDFCFA93D3}"
EndProject
Project("{2150E333-8FDC-42A3-9474-1A3956D46DE8}") = "Core", "Core", "{C1B267B7-1C5B-47FB-BAAC-C45FB5427E79}"
EndProject
Project("{2150E333-8FDC-42A3-9474-1A3956D46DE8}") = "Infrastructure", "Infrastructure", "{37D54D43-50F1-4928-B983-01A10A82E03C}"
EndProject
Project("{9A19103F-16F7-4668-BE54-9A1E7A4F7556}") = "IdentityServer", "IdentityServer\IdentityServer.csproj", "{92B7B52B-F4DC-45F6-9D36-2701661D9A05}"
EndProject
Project("{9A19103F-16F7-4668-BE54-9A1E7A4F7556}") = "CleanBasePRJ.API", "CleanBasePRJ.API\CleanBasePRJ.API.csproj", "{992F99CA-473A-4171-BAE7-77EF767BA077}"
EndProject
Project("{9A19103F-16F7-4668-BE54-9A1E7A4F7556}") = "CleanBasePRJ.Application", "CleanBasePRJ.Application\CleanBasePRJ.Application.csproj", "{3547450D-F5B9-4AC7-A487-BC0CA6BF03E4}"
EndProject
Project("{9A19103F-16F7-4668-BE54-9A1E7A4F7556}") = "CleanBasePRJ.Domain", "CleanBasePRJ.Domain\CleanBasePRJ.Domain.csproj", "{3FCCF370-8196-4A82-BB99-CBD6078B93A2}"
EndProject
Project("{9A19103F-16F7-4668-BE54-9A1E7A4F7556}") = "CleanBasePRJ.MP.Infrastructure", "CleanBasePRJ.Infrastructure\CleanBasePRJ.MP.Infrastructure.csproj", "{74869A61-AB6A-4454-AF8E-90B875462AEF}"
EndProject
Project("{9A19103F-16F7-4668-BE54-9A1E7A4F7556}") = "CleanBasePRJ.Persistence", "CleanBasePRJ.Persistence\CleanBasePRJ.Persistence.csproj", "{6B04F25F-6D4E-47E1-84FE-E46991793D26}"
EndProject
Global
	GlobalSection(SolutionConfigurationPlatforms) = preSolution
		Debug|Any CPU = Debug|Any CPU
		Release|Any CPU = Release|Any CPU
	EndGlobalSection
	GlobalSection(ProjectConfigurationPlatforms) = postSolution
		{92B7B52B-F4DC-45F6-9D36-2701661D9A05}.Debug|Any CPU.ActiveCfg = Debug|Any CPU
		{92B7B52B-F4DC-45F6-9D36-2701661D9A05}.Debug|Any CPU.Build.0 = Debug|Any CPU
		{92B7B52B-F4DC-45F6-9D36-2701661D9A05}.Release|Any CPU.ActiveCfg = Release|Any CPU
		{92B7B52B-F4DC-45F6-9D36-2701661D9A05}.Release|Any CPU.Build.0 = Release|Any CPU
		{992F99CA-473A-4171-BAE7-77EF767BA077}.Debug|Any CPU.ActiveCfg = Debug|Any CPU
		{992F99CA-473A-4171-BAE7-77EF767BA077}.Debug|Any CPU.Build.0 = Debug|Any CPU
		{992F99CA-473A-4171-BAE7-77EF767BA077}.Release|Any CPU.ActiveCfg = Release|Any CPU
		{992F99CA-473A-4171-BAE7-77EF767BA077}.Release|Any CPU.Build.0 = Release|Any CPU
		{3547450D-F5B9-4AC7-A487-BC0CA6BF03E4}.Debug|Any CPU.ActiveCfg = Debug|Any CPU
		{3547450D-F5B9-4AC7-A487-BC0CA6BF03E4}.Debug|Any CPU.Build.0 = Debug|Any CPU
		{3547450D-F5B9-4AC7-A487-BC0CA6BF03E4}.Release|Any CPU.ActiveCfg = Release|Any CPU
		{3547450D-F5B9-4AC7-A487-BC0CA6BF03E4}.Release|Any CPU.Build.0 = Release|Any CPU
		{3FCCF370-8196-4A82-BB99-CBD6078B93A2}.Debug|Any CPU.ActiveCfg = Debug|Any CPU
		{3FCCF370-8196-4A82-BB99-CBD6078B93A2}.Debug|Any CPU.Build.0 = Debug|Any CPU
		{3FCCF370-8196-4A82-BB99-CBD6078B93A2}.Release|Any CPU.ActiveCfg = Release|Any CPU
		{3FCCF370-8196-4A82-BB99-CBD6078B93A2}.Release|Any CPU.Build.0 = Release|Any CPU
		{74869A61-AB6A-4454-AF8E-90B875462AEF}.Debug|Any CPU.ActiveCfg = Debug|Any CPU
		{74869A61-AB6A-4454-AF8E-90B875462AEF}.Debug|Any CPU.Build.0 = Debug|Any CPU
		{74869A61-AB6A-4454-AF8E-90B875462AEF}.Release|Any CPU.ActiveCfg = Release|Any CPU
		{74869A61-AB6A-4454-AF8E-90B875462AEF}.Release|Any CPU.Build.0 = Release|Any CPU
		{6B04F25F-6D4E-47E1-84FE-E46991793D26}.Debug|Any CPU.ActiveCfg = Debug|Any CPU
		{6B04F25F-6D4E-47E1-84FE-E46991793D26}.Debug|Any CPU.Build.0 = Debug|Any CPU
		{6B04F25F-6D4E-47E1-84FE-E46991793D26}.Release|Any CPU.ActiveCfg = Release|Any CPU
		{6B04F25F-6D4E-47E1-84FE-E46991793D26}.Release|Any CPU.Build.0 = Release|Any CPU
	EndGlobalSection
	GlobalSection(SolutionProperties) = preSolution
		HideSolutionNode = FALSE
	EndGlobalSection
	GlobalSection(NestedProjects) = preSolution
		{C44001BA-B8D1-4DB9-BD0E-B3CDFCFA93D3} = {4C6FE1EB-0F95-4F14-9A62-B1507F1D8D69}
		{C1B267B7-1C5B-47FB-BAAC-C45FB5427E79} = {4C6FE1EB-0F95-4F14-9A62-B1507F1D8D69}
		{37D54D43-50F1-4928-B983-01A10A82E03C} = {4C6FE1EB-0F95-4F14-9A62-B1507F1D8D69}
		{92B7B52B-F4DC-45F6-9D36-2701661D9A05} = {37D54D43-50F1-4928-B983-01A10A82E03C}
		{992F99CA-473A-4171-BAE7-77EF767BA077} = {C44001BA-B8D1-4DB9-BD0E-B3CDFCFA93D3}
		{3547450D-F5B9-4AC7-A487-BC0CA6BF03E4} = {C1B267B7-1C5B-47FB-BAAC-C45FB5427E79}
		{3FCCF370-8196-4A82-BB99-CBD6078B93A2} = {C1B267B7-1C5B-47FB-BAAC-C45FB5427E79}
		{74869A61-AB6A-4454-AF8E-90B875462AEF} = {37D54D43-50F1-4928-B983-01A10A82E03C}
		{6B04F25F-6D4E-47E1-84FE-E46991793D26} = {37D54D43-50F1-4928-B983-01A10A82E03C}
	EndGlobalSection
	GlobalSection(ExtensibilityGlobals) = postSolution
		SolutionGuid = {D45FB693-DCDD-438C-9269-91B0D4A260B0}
	EndGlobalSection
EndGlobal
